// !$*UTF8*$!
{
	archiveVersion = 1;
	classes = {
	};
	objectVersion = 46;
	objects = {

/* Begin PBXBuildFile section */
		00E356F31AD99517003FC87E /* eMobilityTests.m in Sources */ = {isa = PBXBuildFile; fileRef = 00E356F21AD99517003FC87E /* eMobilityTests.m */; };
		99F96D7961387D550009E605 /* libPods-eMobility.a in Frameworks */ = {isa = PBXBuildFile; fileRef = 3A4FACF2DE18A3663ABE42C0 /* libPods-eMobility.a */; };
		9FBA164B5A18A5D5C13A4949 /* libPods-eMobility-eMobilityTests.a in Frameworks */ = {isa = PBXBuildFile; fileRef = 4A6B3FB8D81C032B9C1F196D /* libPods-eMobility-eMobilityTests.a */; };
		D2336F6323510E6F00A1BCB0 /* AppDelegate.m in Sources */ = {isa = PBXBuildFile; fileRef = 13B07FB01A68108700A75B9A /* AppDelegate.m */; };
		D2336F7D23510E6F00A1BCB0 /* main.m in Sources */ = {isa = PBXBuildFile; fileRef = 13B07FB71A68108700A75B9A /* main.m */; };
		D2336F9D23510E6F00A1BCB0 /* Images.xcassets in Resources */ = {isa = PBXBuildFile; fileRef = 13B07FB51A68108700A75B9A /* Images.xcassets */; };
		D2D3C43A2469AFDC00D6DECE /* GoogleService-Info.plist in Resources */ = {isa = PBXBuildFile; fileRef = D2D3C4392469AFDC00D6DECE /* GoogleService-Info.plist */; };
		D2F07E6824CB15C300BD3DD2 /* LaunchScreen.storyboard in Resources */ = {isa = PBXBuildFile; fileRef = D2F07E6724CB15C300BD3DD2 /* LaunchScreen.storyboard */; };
		E14E229E2687AF8D0048CD9B /* RNScatterChartManager.swift in Sources */ = {isa = PBXBuildFile; fileRef = E14E225E2687AF8C0048CD9B /* RNScatterChartManager.swift */; };
		E14E229F2687AF8D0048CD9B /* RNScatterChartView.swift in Sources */ = {isa = PBXBuildFile; fileRef = E14E225F2687AF8C0048CD9B /* RNScatterChartView.swift */; };
		E14E22A02687AF8D0048CD9B /* RNScatterChartManagerBridge.m in Sources */ = {isa = PBXBuildFile; fileRef = E14E22602687AF8C0048CD9B /* RNScatterChartManagerBridge.m */; };
		E14E22A12687AF8D0048CD9B /* ScatterDataExtract.swift in Sources */ = {isa = PBXBuildFile; fileRef = E14E22612687AF8C0048CD9B /* ScatterDataExtract.swift */; };
		E14E22A22687AF8D0048CD9B /* RNChartViewBase.swift in Sources */ = {isa = PBXBuildFile; fileRef = E14E22622687AF8C0048CD9B /* RNChartViewBase.swift */; };
		E14E22A32687AF8D0048CD9B /* CustomChartDateFormatter.swift in Sources */ = {isa = PBXBuildFile; fileRef = E14E22632687AF8C0048CD9B /* CustomChartDateFormatter.swift */; };
		E14E22A42687AF8D0048CD9B /* IndexValueFormatter.swift in Sources */ = {isa = PBXBuildFile; fileRef = E14E22642687AF8C0048CD9B /* IndexValueFormatter.swift */; };
		E14E22A52687AF8D0048CD9B /* FontUtils.swift in Sources */ = {isa = PBXBuildFile; fileRef = E14E22662687AF8C0048CD9B /* FontUtils.swift */; };
		E14E22A62687AF8D0048CD9B /* EntryToDictionaryUtils.swift in Sources */ = {isa = PBXBuildFile; fileRef = E14E22672687AF8C0048CD9B /* EntryToDictionaryUtils.swift */; };
		E14E22A72687AF8D0048CD9B /* ChartDataSetConfigUtils.swift in Sources */ = {isa = PBXBuildFile; fileRef = E14E22682687AF8C0048CD9B /* ChartDataSetConfigUtils.swift */; };
		E14E22A82687AF8D0048CD9B /* HighlightUtils.swift in Sources */ = {isa = PBXBuildFile; fileRef = E14E22692687AF8C0048CD9B /* HighlightUtils.swift */; };
		E14E22A92687AF8D0048CD9B /* BridgeUtils.swift in Sources */ = {isa = PBXBuildFile; fileRef = E14E226A2687AF8C0048CD9B /* BridgeUtils.swift */; };
		E14E22AA2687AF8D0048CD9B /* RNPieChartView.swift in Sources */ = {isa = PBXBuildFile; fileRef = E14E226C2687AF8C0048CD9B /* RNPieChartView.swift */; };
		E14E22AB2687AF8D0048CD9B /* RNPieChartManagerBridge.m in Sources */ = {isa = PBXBuildFile; fileRef = E14E226D2687AF8C0048CD9B /* RNPieChartManagerBridge.m */; };
		E14E22AC2687AF8D0048CD9B /* PieDataExtract.swift in Sources */ = {isa = PBXBuildFile; fileRef = E14E226E2687AF8C0048CD9B /* PieDataExtract.swift */; };
		E14E22AD2687AF8D0048CD9B /* RNPieChartManager.swift in Sources */ = {isa = PBXBuildFile; fileRef = E14E226F2687AF8C0048CD9B /* RNPieChartManager.swift */; };
		E14E22AE2687AF8D0048CD9B /* CandleDataExtract.swift in Sources */ = {isa = PBXBuildFile; fileRef = E14E22712687AF8C0048CD9B /* CandleDataExtract.swift */; };
		E14E22AF2687AF8D0048CD9B /* RNCandleStickChartView.swift in Sources */ = {isa = PBXBuildFile; fileRef = E14E22722687AF8C0048CD9B /* RNCandleStickChartView.swift */; };
		E14E22B02687AF8D0048CD9B /* RNCandleStickChartManager.swift in Sources */ = {isa = PBXBuildFile; fileRef = E14E22732687AF8C0048CD9B /* RNCandleStickChartManager.swift */; };
		E14E22B12687AF8D0048CD9B /* RNCandleStickChartManagerBridge.m in Sources */ = {isa = PBXBuildFile; fileRef = E14E22742687AF8C0048CD9B /* RNCandleStickChartManagerBridge.m */; };
		E14E22B22687AF8D0048CD9B /* ChartDateFormatter.swift in Sources */ = {isa = PBXBuildFile; fileRef = E14E22762687AF8C0048CD9B /* ChartDateFormatter.swift */; };
		E14E22B32687AF8D0048CD9B /* LargeValueFormatter.swift in Sources */ = {isa = PBXBuildFile; fileRef = E14E22772687AF8C0048CD9B /* LargeValueFormatter.swift */; };
		E14E22B42687AF8D0048CD9B /* RNBarLineChartViewBase.swift in Sources */ = {isa = PBXBuildFile; fileRef = E14E22782687AF8C0048CD9B /* RNBarLineChartViewBase.swift */; };
		E14E22B52687AF8D0048CD9B /* DataExtract.swift in Sources */ = {isa = PBXBuildFile; fileRef = E14E22792687AF8C0048CD9B /* DataExtract.swift */; };
		E14E22B62687AF8D0048CD9B /* RNBarLineChartBaseManager.swift in Sources */ = {isa = PBXBuildFile; fileRef = E14E227A2687AF8C0048CD9B /* RNBarLineChartBaseManager.swift */; };
		E14E22B72687AF8D0048CD9B /* RNBubbleChartManager.swift in Sources */ = {isa = PBXBuildFile; fileRef = E14E227F2687AF8C0048CD9B /* RNBubbleChartManager.swift */; };
		E14E22B82687AF8D0048CD9B /* RNBubbleChartView.swift in Sources */ = {isa = PBXBuildFile; fileRef = E14E22802687AF8C0048CD9B /* RNBubbleChartView.swift */; };
		E14E22B92687AF8D0048CD9B /* BubbleDataExtract.swift in Sources */ = {isa = PBXBuildFile; fileRef = E14E22812687AF8C0048CD9B /* BubbleDataExtract.swift */; };
		E14E22BA2687AF8D0048CD9B /* RNBubbleChartManagerBridge.m in Sources */ = {isa = PBXBuildFile; fileRef = E14E22822687AF8C0048CD9B /* RNBubbleChartManagerBridge.m */; };
		E14E22BB2687AF8D0048CD9B /* RadarDataExtract.swift in Sources */ = {isa = PBXBuildFile; fileRef = E14E22842687AF8C0048CD9B /* RadarDataExtract.swift */; };
		E14E22BC2687AF8D0048CD9B /* RNRadarChartManagerBridge.m in Sources */ = {isa = PBXBuildFile; fileRef = E14E22852687AF8C0048CD9B /* RNRadarChartManagerBridge.m */; };
		E14E22BD2687AF8D0048CD9B /* RNRadarChartView.swift in Sources */ = {isa = PBXBuildFile; fileRef = E14E22862687AF8C0048CD9B /* RNRadarChartView.swift */; };
		E14E22BE2687AF8D0048CD9B /* RNRadarChartManager.swift in Sources */ = {isa = PBXBuildFile; fileRef = E14E22872687AF8C0048CD9B /* RNRadarChartManager.swift */; };
		E14E22BF2687AF8D0048CD9B /* RNYAxisChartViewBase.swift in Sources */ = {isa = PBXBuildFile; fileRef = E14E22882687AF8C0048CD9B /* RNYAxisChartViewBase.swift */; };
		E14E22C02687AF8D0048CD9B /* RNCombinedChartView.swift in Sources */ = {isa = PBXBuildFile; fileRef = E14E228A2687AF8C0048CD9B /* RNCombinedChartView.swift */; };
		E14E22C12687AF8D0048CD9B /* RNCombinedChartManager.swift in Sources */ = {isa = PBXBuildFile; fileRef = E14E228B2687AF8C0048CD9B /* RNCombinedChartManager.swift */; };
		E14E22C22687AF8D0048CD9B /* RNCombinedChartManagerBridge.m in Sources */ = {isa = PBXBuildFile; fileRef = E14E228C2687AF8C0048CD9B /* RNCombinedChartManagerBridge.m */; };
		E14E22C32687AF8D0048CD9B /* CombinedDataExtract.swift in Sources */ = {isa = PBXBuildFile; fileRef = E14E228D2687AF8C0048CD9B /* CombinedDataExtract.swift */; };
		E14E22C42687AF8D0048CD9B /* RNLineChartView.swift in Sources */ = {isa = PBXBuildFile; fileRef = E14E228F2687AF8C0048CD9B /* RNLineChartView.swift */; };
		E14E22C52687AF8D0048CD9B /* RNLineChartManager.swift in Sources */ = {isa = PBXBuildFile; fileRef = E14E22902687AF8C0048CD9B /* RNLineChartManager.swift */; };
		E14E22C62687AF8D0048CD9B /* RNLineChartManagerBridge.m in Sources */ = {isa = PBXBuildFile; fileRef = E14E22912687AF8C0048CD9B /* RNLineChartManagerBridge.m */; };
		E14E22C72687AF8D0048CD9B /* LineDataExtract.swift in Sources */ = {isa = PBXBuildFile; fileRef = E14E22922687AF8C0048CD9B /* LineDataExtract.swift */; };
		E14E22C82687AF8D0048CD9B /* ChartGroupHolder.swift in Sources */ = {isa = PBXBuildFile; fileRef = E14E22932687AF8C0048CD9B /* ChartGroupHolder.swift */; };
		E14E22C92687AF8D0048CD9B /* BalloonMarker.swift in Sources */ = {isa = PBXBuildFile; fileRef = E14E22942687AF8C0048CD9B /* BalloonMarker.swift */; };
		E14E22CA2687AF8D0048CD9B /* RNBarChartViewBase.swift in Sources */ = {isa = PBXBuildFile; fileRef = E14E22962687AF8D0048CD9B /* RNBarChartViewBase.swift */; };
		E14E22CB2687AF8D0048CD9B /* BarDataExtract.swift in Sources */ = {isa = PBXBuildFile; fileRef = E14E22972687AF8D0048CD9B /* BarDataExtract.swift */; };
		E14E22CC2687AF8D0048CD9B /* RNHorizontalBarChartManager.swift in Sources */ = {isa = PBXBuildFile; fileRef = E14E22982687AF8D0048CD9B /* RNHorizontalBarChartManager.swift */; };
		E14E22CD2687AF8D0048CD9B /* RNBarChartManager.swift in Sources */ = {isa = PBXBuildFile; fileRef = E14E22992687AF8D0048CD9B /* RNBarChartManager.swift */; };
		E14E22CE2687AF8D0048CD9B /* RNBarChartManagerBridge.m in Sources */ = {isa = PBXBuildFile; fileRef = E14E229A2687AF8D0048CD9B /* RNBarChartManagerBridge.m */; };
		E14E22CF2687AF8D0048CD9B /* RNBarChartView.swift in Sources */ = {isa = PBXBuildFile; fileRef = E14E229B2687AF8D0048CD9B /* RNBarChartView.swift */; };
		E14E22D02687AF8D0048CD9B /* RNHorizontalBarChartView.swift in Sources */ = {isa = PBXBuildFile; fileRef = E14E229C2687AF8D0048CD9B /* RNHorizontalBarChartView.swift */; };
		E14E22D12687AF8D0048CD9B /* RNHorizontalBarChartManagerBridge.m in Sources */ = {isa = PBXBuildFile; fileRef = E14E229D2687AF8D0048CD9B /* RNHorizontalBarChartManagerBridge.m */; };
/* End PBXBuildFile section */

/* Begin PBXFileReference section */
		00E356EE1AD99517003FC87E /* eMobilityTests.xctest */ = {isa = PBXFileReference; explicitFileType = wrapper.cfbundle; includeInIndex = 0; path = eMobilityTests.xctest; sourceTree = BUILT_PRODUCTS_DIR; };
		00E356F11AD99517003FC87E /* Info.plist */ = {isa = PBXFileReference; lastKnownFileType = text.plist.xml; path = Info.plist; sourceTree = "<group>"; };
		00E356F21AD99517003FC87E /* eMobilityTests.m */ = {isa = PBXFileReference; lastKnownFileType = sourcecode.c.objc; path = eMobilityTests.m; sourceTree = "<group>"; };
		0D45392BA6BF2FA9CA6BB751 /* Pods-eMobility.debug.xcconfig */ = {isa = PBXFileReference; includeInIndex = 1; lastKnownFileType = text.xcconfig; name = "Pods-eMobility.debug.xcconfig"; path = "Target Support Files/Pods-eMobility/Pods-eMobility.debug.xcconfig"; sourceTree = "<group>"; };
		13B07FAF1A68108700A75B9A /* AppDelegate.h */ = {isa = PBXFileReference; fileEncoding = 4; lastKnownFileType = sourcecode.c.h; name = AppDelegate.h; path = eMobility/AppDelegate.h; sourceTree = "<group>"; };
		13B07FB01A68108700A75B9A /* AppDelegate.m */ = {isa = PBXFileReference; fileEncoding = 4; lastKnownFileType = sourcecode.c.objc; name = AppDelegate.m; path = eMobility/AppDelegate.m; sourceTree = "<group>"; };
		13B07FB51A68108700A75B9A /* Images.xcassets */ = {isa = PBXFileReference; lastKnownFileType = folder.assetcatalog; name = Images.xcassets; path = eMobility/Images.xcassets; sourceTree = "<group>"; };
		13B07FB61A68108700A75B9A /* Info.plist */ = {isa = PBXFileReference; fileEncoding = 4; lastKnownFileType = text.plist.xml; name = Info.plist; path = eMobility/Info.plist; sourceTree = "<group>"; };
		13B07FB71A68108700A75B9A /* main.m */ = {isa = PBXFileReference; fileEncoding = 4; lastKnownFileType = sourcecode.c.objc; name = main.m; path = eMobility/main.m; sourceTree = "<group>"; };
		3A4FACF2DE18A3663ABE42C0 /* libPods-eMobility.a */ = {isa = PBXFileReference; explicitFileType = archive.ar; includeInIndex = 0; path = "libPods-eMobility.a"; sourceTree = BUILT_PRODUCTS_DIR; };
		4A6B3FB8D81C032B9C1F196D /* libPods-eMobility-eMobilityTests.a */ = {isa = PBXFileReference; explicitFileType = archive.ar; includeInIndex = 0; path = "libPods-eMobility-eMobilityTests.a"; sourceTree = BUILT_PRODUCTS_DIR; };
		5514AAA5AA9D3DF564A41D2B /* Pods-eMobility.release.xcconfig */ = {isa = PBXFileReference; includeInIndex = 1; lastKnownFileType = text.xcconfig; name = "Pods-eMobility.release.xcconfig"; path = "Target Support Files/Pods-eMobility/Pods-eMobility.release.xcconfig"; sourceTree = "<group>"; };
		9A62314228A0705275288154 /* Pods-eMobility-eMobilityTests.debug.xcconfig */ = {isa = PBXFileReference; includeInIndex = 1; lastKnownFileType = text.xcconfig; name = "Pods-eMobility-eMobilityTests.debug.xcconfig"; path = "Target Support Files/Pods-eMobility-eMobilityTests/Pods-eMobility-eMobilityTests.debug.xcconfig"; sourceTree = "<group>"; };
		BC58EC4EC2D9A3DD876E4AAB /* Pods-eMobility-eMobilityTests.release.xcconfig */ = {isa = PBXFileReference; includeInIndex = 1; lastKnownFileType = text.xcconfig; name = "Pods-eMobility-eMobilityTests.release.xcconfig"; path = "Target Support Files/Pods-eMobility-eMobilityTests/Pods-eMobility-eMobilityTests.release.xcconfig"; sourceTree = "<group>"; };
		D2336FA623510E6F00A1BCB0 /* eMobility.app */ = {isa = PBXFileReference; explicitFileType = wrapper.application; includeInIndex = 0; path = eMobility.app; sourceTree = BUILT_PRODUCTS_DIR; };
		D2D3C4392469AFDC00D6DECE /* GoogleService-Info.plist */ = {isa = PBXFileReference; fileEncoding = 4; lastKnownFileType = text.plist.xml; path = "GoogleService-Info.plist"; sourceTree = "<group>"; };
		D2F07E6724CB15C300BD3DD2 /* LaunchScreen.storyboard */ = {isa = PBXFileReference; fileEncoding = 4; lastKnownFileType = file.storyboard; name = LaunchScreen.storyboard; path = eMobility/LaunchScreen.storyboard; sourceTree = "<group>"; };
		E14E225C2687AF8C0048CD9B /* RNChartManagerBridge.h */ = {isa = PBXFileReference; fileEncoding = 4; lastKnownFileType = sourcecode.c.h; name = RNChartManagerBridge.h; path = "../../node_modules/react-native-charts-wrapper/ios/ReactNativeCharts/RNChartManagerBridge.h"; sourceTree = "<group>"; };
		E14E225E2687AF8C0048CD9B /* RNScatterChartManager.swift */ = {isa = PBXFileReference; fileEncoding = 4; lastKnownFileType = sourcecode.swift; path = RNScatterChartManager.swift; sourceTree = "<group>"; };
		E14E225F2687AF8C0048CD9B /* RNScatterChartView.swift */ = {isa = PBXFileReference; fileEncoding = 4; lastKnownFileType = sourcecode.swift; path = RNScatterChartView.swift; sourceTree = "<group>"; };
		E14E22602687AF8C0048CD9B /* RNScatterChartManagerBridge.m */ = {isa = PBXFileReference; fileEncoding = 4; lastKnownFileType = sourcecode.c.objc; path = RNScatterChartManagerBridge.m; sourceTree = "<group>"; };
		E14E22612687AF8C0048CD9B /* ScatterDataExtract.swift */ = {isa = PBXFileReference; fileEncoding = 4; lastKnownFileType = sourcecode.swift; path = ScatterDataExtract.swift; sourceTree = "<group>"; };
		E14E22622687AF8C0048CD9B /* RNChartViewBase.swift */ = {isa = PBXFileReference; fileEncoding = 4; lastKnownFileType = sourcecode.swift; name = RNChartViewBase.swift; path = "../../node_modules/react-native-charts-wrapper/ios/ReactNativeCharts/RNChartViewBase.swift"; sourceTree = "<group>"; };
		E14E22632687AF8C0048CD9B /* CustomChartDateFormatter.swift */ = {isa = PBXFileReference; fileEncoding = 4; lastKnownFileType = sourcecode.swift; name = CustomChartDateFormatter.swift; path = "../../node_modules/react-native-charts-wrapper/ios/ReactNativeCharts/CustomChartDateFormatter.swift"; sourceTree = "<group>"; };
		E14E22642687AF8C0048CD9B /* IndexValueFormatter.swift */ = {isa = PBXFileReference; fileEncoding = 4; lastKnownFileType = sourcecode.swift; name = IndexValueFormatter.swift; path = "../../node_modules/react-native-charts-wrapper/ios/ReactNativeCharts/IndexValueFormatter.swift"; sourceTree = "<group>"; };
		E14E22662687AF8C0048CD9B /* FontUtils.swift */ = {isa = PBXFileReference; fileEncoding = 4; lastKnownFileType = sourcecode.swift; path = FontUtils.swift; sourceTree = "<group>"; };
		E14E22672687AF8C0048CD9B /* EntryToDictionaryUtils.swift */ = {isa = PBXFileReference; fileEncoding = 4; lastKnownFileType = sourcecode.swift; path = EntryToDictionaryUtils.swift; sourceTree = "<group>"; };
		E14E22682687AF8C0048CD9B /* ChartDataSetConfigUtils.swift */ = {isa = PBXFileReference; fileEncoding = 4; lastKnownFileType = sourcecode.swift; path = ChartDataSetConfigUtils.swift; sourceTree = "<group>"; };
		E14E22692687AF8C0048CD9B /* HighlightUtils.swift */ = {isa = PBXFileReference; fileEncoding = 4; lastKnownFileType = sourcecode.swift; path = HighlightUtils.swift; sourceTree = "<group>"; };
		E14E226A2687AF8C0048CD9B /* BridgeUtils.swift */ = {isa = PBXFileReference; fileEncoding = 4; lastKnownFileType = sourcecode.swift; path = BridgeUtils.swift; sourceTree = "<group>"; };
		E14E226C2687AF8C0048CD9B /* RNPieChartView.swift */ = {isa = PBXFileReference; fileEncoding = 4; lastKnownFileType = sourcecode.swift; path = RNPieChartView.swift; sourceTree = "<group>"; };
		E14E226D2687AF8C0048CD9B /* RNPieChartManagerBridge.m */ = {isa = PBXFileReference; fileEncoding = 4; lastKnownFileType = sourcecode.c.objc; path = RNPieChartManagerBridge.m; sourceTree = "<group>"; };
		E14E226E2687AF8C0048CD9B /* PieDataExtract.swift */ = {isa = PBXFileReference; fileEncoding = 4; lastKnownFileType = sourcecode.swift; path = PieDataExtract.swift; sourceTree = "<group>"; };
		E14E226F2687AF8C0048CD9B /* RNPieChartManager.swift */ = {isa = PBXFileReference; fileEncoding = 4; lastKnownFileType = sourcecode.swift; path = RNPieChartManager.swift; sourceTree = "<group>"; };
		E14E22712687AF8C0048CD9B /* CandleDataExtract.swift */ = {isa = PBXFileReference; fileEncoding = 4; lastKnownFileType = sourcecode.swift; path = CandleDataExtract.swift; sourceTree = "<group>"; };
		E14E22722687AF8C0048CD9B /* RNCandleStickChartView.swift */ = {isa = PBXFileReference; fileEncoding = 4; lastKnownFileType = sourcecode.swift; path = RNCandleStickChartView.swift; sourceTree = "<group>"; };
		E14E22732687AF8C0048CD9B /* RNCandleStickChartManager.swift */ = {isa = PBXFileReference; fileEncoding = 4; lastKnownFileType = sourcecode.swift; path = RNCandleStickChartManager.swift; sourceTree = "<group>"; };
		E14E22742687AF8C0048CD9B /* RNCandleStickChartManagerBridge.m */ = {isa = PBXFileReference; fileEncoding = 4; lastKnownFileType = sourcecode.c.objc; path = RNCandleStickChartManagerBridge.m; sourceTree = "<group>"; };
		E14E22762687AF8C0048CD9B /* ChartDateFormatter.swift */ = {isa = PBXFileReference; fileEncoding = 4; lastKnownFileType = sourcecode.swift; path = ChartDateFormatter.swift; sourceTree = "<group>"; };
		E14E22772687AF8C0048CD9B /* LargeValueFormatter.swift */ = {isa = PBXFileReference; fileEncoding = 4; lastKnownFileType = sourcecode.swift; path = LargeValueFormatter.swift; sourceTree = "<group>"; };
		E14E22782687AF8C0048CD9B /* RNBarLineChartViewBase.swift */ = {isa = PBXFileReference; fileEncoding = 4; lastKnownFileType = sourcecode.swift; name = RNBarLineChartViewBase.swift; path = "../../node_modules/react-native-charts-wrapper/ios/ReactNativeCharts/RNBarLineChartViewBase.swift"; sourceTree = "<group>"; };
		E14E22792687AF8C0048CD9B /* DataExtract.swift */ = {isa = PBXFileReference; fileEncoding = 4; lastKnownFileType = sourcecode.swift; name = DataExtract.swift; path = "../../node_modules/react-native-charts-wrapper/ios/ReactNativeCharts/DataExtract.swift"; sourceTree = "<group>"; };
		E14E227A2687AF8C0048CD9B /* RNBarLineChartBaseManager.swift */ = {isa = PBXFileReference; fileEncoding = 4; lastKnownFileType = sourcecode.swift; name = RNBarLineChartBaseManager.swift; path = "../../node_modules/react-native-charts-wrapper/ios/ReactNativeCharts/RNBarLineChartBaseManager.swift"; sourceTree = "<group>"; };
		E14E227B2687AF8C0048CD9B /* RNBarLineChartManagerBridge.h */ = {isa = PBXFileReference; fileEncoding = 4; lastKnownFileType = sourcecode.c.h; name = RNBarLineChartManagerBridge.h; path = "../../node_modules/react-native-charts-wrapper/ios/ReactNativeCharts/RNBarLineChartManagerBridge.h"; sourceTree = "<group>"; };
		E14E227C2687AF8C0048CD9B /* RNCharts-Bridging-Header.h */ = {isa = PBXFileReference; fileEncoding = 4; lastKnownFileType = sourcecode.c.h; name = "RNCharts-Bridging-Header.h"; path = "../../node_modules/react-native-charts-wrapper/ios/ReactNativeCharts/RNCharts-Bridging-Header.h"; sourceTree = "<group>"; };
		E14E227D2687AF8C0048CD9B /* RNYAxisChartManagerBridge.h */ = {isa = PBXFileReference; fileEncoding = 4; lastKnownFileType = sourcecode.c.h; name = RNYAxisChartManagerBridge.h; path = "../../node_modules/react-native-charts-wrapper/ios/ReactNativeCharts/RNYAxisChartManagerBridge.h"; sourceTree = "<group>"; };
		E14E227F2687AF8C0048CD9B /* RNBubbleChartManager.swift */ = {isa = PBXFileReference; fileEncoding = 4; lastKnownFileType = sourcecode.swift; path = RNBubbleChartManager.swift; sourceTree = "<group>"; };
		E14E22802687AF8C0048CD9B /* RNBubbleChartView.swift */ = {isa = PBXFileReference; fileEncoding = 4; lastKnownFileType = sourcecode.swift; path = RNBubbleChartView.swift; sourceTree = "<group>"; };
		E14E22812687AF8C0048CD9B /* BubbleDataExtract.swift */ = {isa = PBXFileReference; fileEncoding = 4; lastKnownFileType = sourcecode.swift; path = BubbleDataExtract.swift; sourceTree = "<group>"; };
		E14E22822687AF8C0048CD9B /* RNBubbleChartManagerBridge.m */ = {isa = PBXFileReference; fileEncoding = 4; lastKnownFileType = sourcecode.c.objc; path = RNBubbleChartManagerBridge.m; sourceTree = "<group>"; };
		E14E22842687AF8C0048CD9B /* RadarDataExtract.swift */ = {isa = PBXFileReference; fileEncoding = 4; lastKnownFileType = sourcecode.swift; path = RadarDataExtract.swift; sourceTree = "<group>"; };
		E14E22852687AF8C0048CD9B /* RNRadarChartManagerBridge.m */ = {isa = PBXFileReference; fileEncoding = 4; lastKnownFileType = sourcecode.c.objc; path = RNRadarChartManagerBridge.m; sourceTree = "<group>"; };
		E14E22862687AF8C0048CD9B /* RNRadarChartView.swift */ = {isa = PBXFileReference; fileEncoding = 4; lastKnownFileType = sourcecode.swift; path = RNRadarChartView.swift; sourceTree = "<group>"; };
		E14E22872687AF8C0048CD9B /* RNRadarChartManager.swift */ = {isa = PBXFileReference; fileEncoding = 4; lastKnownFileType = sourcecode.swift; path = RNRadarChartManager.swift; sourceTree = "<group>"; };
		E14E22882687AF8C0048CD9B /* RNYAxisChartViewBase.swift */ = {isa = PBXFileReference; fileEncoding = 4; lastKnownFileType = sourcecode.swift; name = RNYAxisChartViewBase.swift; path = "../../node_modules/react-native-charts-wrapper/ios/ReactNativeCharts/RNYAxisChartViewBase.swift"; sourceTree = "<group>"; };
		E14E228A2687AF8C0048CD9B /* RNCombinedChartView.swift */ = {isa = PBXFileReference; fileEncoding = 4; lastKnownFileType = sourcecode.swift; path = RNCombinedChartView.swift; sourceTree = "<group>"; };
		E14E228B2687AF8C0048CD9B /* RNCombinedChartManager.swift */ = {isa = PBXFileReference; fileEncoding = 4; lastKnownFileType = sourcecode.swift; path = RNCombinedChartManager.swift; sourceTree = "<group>"; };
		E14E228C2687AF8C0048CD9B /* RNCombinedChartManagerBridge.m */ = {isa = PBXFileReference; fileEncoding = 4; lastKnownFileType = sourcecode.c.objc; path = RNCombinedChartManagerBridge.m; sourceTree = "<group>"; };
		E14E228D2687AF8C0048CD9B /* CombinedDataExtract.swift */ = {isa = PBXFileReference; fileEncoding = 4; lastKnownFileType = sourcecode.swift; path = CombinedDataExtract.swift; sourceTree = "<group>"; };
		E14E228F2687AF8C0048CD9B /* RNLineChartView.swift */ = {isa = PBXFileReference; fileEncoding = 4; lastKnownFileType = sourcecode.swift; path = RNLineChartView.swift; sourceTree = "<group>"; };
		E14E22902687AF8C0048CD9B /* RNLineChartManager.swift */ = {isa = PBXFileReference; fileEncoding = 4; lastKnownFileType = sourcecode.swift; path = RNLineChartManager.swift; sourceTree = "<group>"; };
		E14E22912687AF8C0048CD9B /* RNLineChartManagerBridge.m */ = {isa = PBXFileReference; fileEncoding = 4; lastKnownFileType = sourcecode.c.objc; path = RNLineChartManagerBridge.m; sourceTree = "<group>"; };
		E14E22922687AF8C0048CD9B /* LineDataExtract.swift */ = {isa = PBXFileReference; fileEncoding = 4; lastKnownFileType = sourcecode.swift; path = LineDataExtract.swift; sourceTree = "<group>"; };
		E14E22932687AF8C0048CD9B /* ChartGroupHolder.swift */ = {isa = PBXFileReference; fileEncoding = 4; lastKnownFileType = sourcecode.swift; name = ChartGroupHolder.swift; path = "../../node_modules/react-native-charts-wrapper/ios/ReactNativeCharts/ChartGroupHolder.swift"; sourceTree = "<group>"; };
		E14E22942687AF8C0048CD9B /* BalloonMarker.swift */ = {isa = PBXFileReference; fileEncoding = 4; lastKnownFileType = sourcecode.swift; name = BalloonMarker.swift; path = "../../node_modules/react-native-charts-wrapper/ios/ReactNativeCharts/BalloonMarker.swift"; sourceTree = "<group>"; };
		E14E22962687AF8D0048CD9B /* RNBarChartViewBase.swift */ = {isa = PBXFileReference; fileEncoding = 4; lastKnownFileType = sourcecode.swift; path = RNBarChartViewBase.swift; sourceTree = "<group>"; };
		E14E22972687AF8D0048CD9B /* BarDataExtract.swift */ = {isa = PBXFileReference; fileEncoding = 4; lastKnownFileType = sourcecode.swift; path = BarDataExtract.swift; sourceTree = "<group>"; };
		E14E22982687AF8D0048CD9B /* RNHorizontalBarChartManager.swift */ = {isa = PBXFileReference; fileEncoding = 4; lastKnownFileType = sourcecode.swift; path = RNHorizontalBarChartManager.swift; sourceTree = "<group>"; };
		E14E22992687AF8D0048CD9B /* RNBarChartManager.swift */ = {isa = PBXFileReference; fileEncoding = 4; lastKnownFileType = sourcecode.swift; path = RNBarChartManager.swift; sourceTree = "<group>"; };
		E14E229A2687AF8D0048CD9B /* RNBarChartManagerBridge.m */ = {isa = PBXFileReference; fileEncoding = 4; lastKnownFileType = sourcecode.c.objc; path = RNBarChartManagerBridge.m; sourceTree = "<group>"; };
		E14E229B2687AF8D0048CD9B /* RNBarChartView.swift */ = {isa = PBXFileReference; fileEncoding = 4; lastKnownFileType = sourcecode.swift; path = RNBarChartView.swift; sourceTree = "<group>"; };
		E14E229C2687AF8D0048CD9B /* RNHorizontalBarChartView.swift */ = {isa = PBXFileReference; fileEncoding = 4; lastKnownFileType = sourcecode.swift; path = RNHorizontalBarChartView.swift; sourceTree = "<group>"; };
		E14E229D2687AF8D0048CD9B /* RNHorizontalBarChartManagerBridge.m */ = {isa = PBXFileReference; fileEncoding = 4; lastKnownFileType = sourcecode.c.objc; path = RNHorizontalBarChartManagerBridge.m; sourceTree = "<group>"; };
		E1F533902680C69200742B2C /* eMobility-Bridging-Header.h */ = {isa = PBXFileReference; lastKnownFileType = sourcecode.c.h; path = "eMobility-Bridging-Header.h"; sourceTree = "<group>"; };
		ED297162215061F000B7C4FE /* JavaScriptCore.framework */ = {isa = PBXFileReference; lastKnownFileType = wrapper.framework; name = JavaScriptCore.framework; path = System/Library/Frameworks/JavaScriptCore.framework; sourceTree = SDKROOT; };
		ED2971642150620600B7C4FE /* JavaScriptCore.framework */ = {isa = PBXFileReference; lastKnownFileType = wrapper.framework; name = JavaScriptCore.framework; path = Platforms/AppleTVOS.platform/Developer/SDKs/AppleTVOS12.0.sdk/System/Library/Frameworks/JavaScriptCore.framework; sourceTree = DEVELOPER_DIR; };
/* End PBXFileReference section */

/* Begin PBXFrameworksBuildPhase section */
		00E356EB1AD99517003FC87E /* Frameworks */ = {
			isa = PBXFrameworksBuildPhase;
			buildActionMask = 2147483647;
			files = (
				9FBA164B5A18A5D5C13A4949 /* libPods-eMobility-eMobilityTests.a in Frameworks */,
			);
			runOnlyForDeploymentPostprocessing = 0;
		};
		D2336F9123510E6F00A1BCB0 /* Frameworks */ = {
			isa = PBXFrameworksBuildPhase;
			buildActionMask = 2147483647;
			files = (
				99F96D7961387D550009E605 /* libPods-eMobility.a in Frameworks */,
			);
			runOnlyForDeploymentPostprocessing = 0;
		};
/* End PBXFrameworksBuildPhase section */

/* Begin PBXGroup section */
		00E356EF1AD99517003FC87E /* eMobilityTests */ = {
			isa = PBXGroup;
			children = (
				00E356F21AD99517003FC87E /* eMobilityTests.m */,
				00E356F01AD99517003FC87E /* Supporting Files */,
			);
			path = eMobilityTests;
			sourceTree = "<group>";
		};
		00E356F01AD99517003FC87E /* Supporting Files */ = {
			isa = PBXGroup;
			children = (
				00E356F11AD99517003FC87E /* Info.plist */,
			);
			name = "Supporting Files";
			sourceTree = "<group>";
		};
		13B07FAE1A68108700A75B9A /* eMobility */ = {
			isa = PBXGroup;
			children = (
				D2F07E6724CB15C300BD3DD2 /* LaunchScreen.storyboard */,
				D2D3C4392469AFDC00D6DECE /* GoogleService-Info.plist */,
				13B07FAF1A68108700A75B9A /* AppDelegate.h */,
				13B07FB01A68108700A75B9A /* AppDelegate.m */,
				13B07FB51A68108700A75B9A /* Images.xcassets */,
				13B07FB61A68108700A75B9A /* Info.plist */,
				13B07FB71A68108700A75B9A /* main.m */,
			);
			name = eMobility;
			sourceTree = "<group>";
		};
		2D16E6871FA4F8E400B85C8A /* Frameworks */ = {
			isa = PBXGroup;
			children = (
				ED297162215061F000B7C4FE /* JavaScriptCore.framework */,
				ED2971642150620600B7C4FE /* JavaScriptCore.framework */,
				3A4FACF2DE18A3663ABE42C0 /* libPods-eMobility.a */,
				4A6B3FB8D81C032B9C1F196D /* libPods-eMobility-eMobilityTests.a */,
			);
			name = Frameworks;
			sourceTree = "<group>";
		};
		832341AE1AAA6A7D00B99B32 /* Libraries */ = {
			isa = PBXGroup;
			children = (
			);
			name = Libraries;
			sourceTree = "<group>";
		};
		83CBB9F61A601CBA00E9B192 = {
			isa = PBXGroup;
			children = (
				E14E225B2687AEFC0048CD9B /* RNCharts */,
				13B07FAE1A68108700A75B9A /* eMobility */,
				832341AE1AAA6A7D00B99B32 /* Libraries */,
				00E356EF1AD99517003FC87E /* eMobilityTests */,
				83CBBA001A601CBA00E9B192 /* Products */,
				2D16E6871FA4F8E400B85C8A /* Frameworks */,
				C4E99EF1EB30928FD26DDEBC /* Pods */,
			);
			indentWidth = 2;
			sourceTree = "<group>";
			tabWidth = 2;
			usesTabs = 0;
		};
		83CBBA001A601CBA00E9B192 /* Products */ = {
			isa = PBXGroup;
			children = (
				00E356EE1AD99517003FC87E /* eMobilityTests.xctest */,
				D2336FA623510E6F00A1BCB0 /* eMobility.app */,
			);
			name = Products;
			sourceTree = "<group>";
		};
		C4E99EF1EB30928FD26DDEBC /* Pods */ = {
			isa = PBXGroup;
			children = (
				0D45392BA6BF2FA9CA6BB751 /* Pods-eMobility.debug.xcconfig */,
				5514AAA5AA9D3DF564A41D2B /* Pods-eMobility.release.xcconfig */,
				9A62314228A0705275288154 /* Pods-eMobility-eMobilityTests.debug.xcconfig */,
				BC58EC4EC2D9A3DD876E4AAB /* Pods-eMobility-eMobilityTests.release.xcconfig */,
			);
			path = Pods;
			sourceTree = "<group>";
		};
		E14E225B2687AEFC0048CD9B /* RNCharts */ = {
			isa = PBXGroup;
			children = (
				E14E22942687AF8C0048CD9B /* BalloonMarker.swift */,
				E14E22952687AF8D0048CD9B /* bar */,
				E14E227E2687AF8C0048CD9B /* bubble */,
				E14E22702687AF8C0048CD9B /* candlestick */,
				E14E22932687AF8C0048CD9B /* ChartGroupHolder.swift */,
				E14E22892687AF8C0048CD9B /* combine */,
				E14E22632687AF8C0048CD9B /* CustomChartDateFormatter.swift */,
				E14E22792687AF8C0048CD9B /* DataExtract.swift */,
				E14E22752687AF8C0048CD9B /* formatters */,
				E14E22642687AF8C0048CD9B /* IndexValueFormatter.swift */,
				E14E228E2687AF8C0048CD9B /* line */,
				E14E226B2687AF8C0048CD9B /* pie */,
				E14E22832687AF8C0048CD9B /* radar */,
				E14E227A2687AF8C0048CD9B /* RNBarLineChartBaseManager.swift */,
				E14E227B2687AF8C0048CD9B /* RNBarLineChartManagerBridge.h */,
				E14E22782687AF8C0048CD9B /* RNBarLineChartViewBase.swift */,
				E14E225C2687AF8C0048CD9B /* RNChartManagerBridge.h */,
				E14E227C2687AF8C0048CD9B /* RNCharts-Bridging-Header.h */,
				E14E22622687AF8C0048CD9B /* RNChartViewBase.swift */,
				E14E227D2687AF8C0048CD9B /* RNYAxisChartManagerBridge.h */,
				E14E22882687AF8C0048CD9B /* RNYAxisChartViewBase.swift */,
				E14E225D2687AF8C0048CD9B /* scatter */,
				E14E22652687AF8C0048CD9B /* utils */,
				E1F533902680C69200742B2C /* eMobility-Bridging-Header.h */,
			);
			path = RNCharts;
			sourceTree = "<group>";
		};
		E14E225D2687AF8C0048CD9B /* scatter */ = {
			isa = PBXGroup;
			children = (
				E14E225E2687AF8C0048CD9B /* RNScatterChartManager.swift */,
				E14E225F2687AF8C0048CD9B /* RNScatterChartView.swift */,
				E14E22602687AF8C0048CD9B /* RNScatterChartManagerBridge.m */,
				E14E22612687AF8C0048CD9B /* ScatterDataExtract.swift */,
			);
			name = scatter;
			path = "../../node_modules/react-native-charts-wrapper/ios/ReactNativeCharts/scatter";
			sourceTree = "<group>";
		};
		E14E22652687AF8C0048CD9B /* utils */ = {
			isa = PBXGroup;
			children = (
				E14E22662687AF8C0048CD9B /* FontUtils.swift */,
				E14E22672687AF8C0048CD9B /* EntryToDictionaryUtils.swift */,
				E14E22682687AF8C0048CD9B /* ChartDataSetConfigUtils.swift */,
				E14E22692687AF8C0048CD9B /* HighlightUtils.swift */,
				E14E226A2687AF8C0048CD9B /* BridgeUtils.swift */,
			);
			name = utils;
			path = "../../node_modules/react-native-charts-wrapper/ios/ReactNativeCharts/utils";
			sourceTree = "<group>";
		};
		E14E226B2687AF8C0048CD9B /* pie */ = {
			isa = PBXGroup;
			children = (
				E14E226C2687AF8C0048CD9B /* RNPieChartView.swift */,
				E14E226D2687AF8C0048CD9B /* RNPieChartManagerBridge.m */,
				E14E226E2687AF8C0048CD9B /* PieDataExtract.swift */,
				E14E226F2687AF8C0048CD9B /* RNPieChartManager.swift */,
			);
			name = pie;
			path = "../../node_modules/react-native-charts-wrapper/ios/ReactNativeCharts/pie";
			sourceTree = "<group>";
		};
		E14E22702687AF8C0048CD9B /* candlestick */ = {
			isa = PBXGroup;
			children = (
				E14E22712687AF8C0048CD9B /* CandleDataExtract.swift */,
				E14E22722687AF8C0048CD9B /* RNCandleStickChartView.swift */,
				E14E22732687AF8C0048CD9B /* RNCandleStickChartManager.swift */,
				E14E22742687AF8C0048CD9B /* RNCandleStickChartManagerBridge.m */,
			);
			name = candlestick;
			path = "../../node_modules/react-native-charts-wrapper/ios/ReactNativeCharts/candlestick";
			sourceTree = "<group>";
		};
		E14E22752687AF8C0048CD9B /* formatters */ = {
			isa = PBXGroup;
			children = (
				E14E22762687AF8C0048CD9B /* ChartDateFormatter.swift */,
				E14E22772687AF8C0048CD9B /* LargeValueFormatter.swift */,
			);
			name = formatters;
			path = "../../node_modules/react-native-charts-wrapper/ios/ReactNativeCharts/formatters";
			sourceTree = "<group>";
		};
		E14E227E2687AF8C0048CD9B /* bubble */ = {
			isa = PBXGroup;
			children = (
				E14E227F2687AF8C0048CD9B /* RNBubbleChartManager.swift */,
				E14E22802687AF8C0048CD9B /* RNBubbleChartView.swift */,
				E14E22812687AF8C0048CD9B /* BubbleDataExtract.swift */,
				E14E22822687AF8C0048CD9B /* RNBubbleChartManagerBridge.m */,
			);
			name = bubble;
			path = "../../node_modules/react-native-charts-wrapper/ios/ReactNativeCharts/bubble";
			sourceTree = "<group>";
		};
		E14E22832687AF8C0048CD9B /* radar */ = {
			isa = PBXGroup;
			children = (
				E14E22842687AF8C0048CD9B /* RadarDataExtract.swift */,
				E14E22852687AF8C0048CD9B /* RNRadarChartManagerBridge.m */,
				E14E22862687AF8C0048CD9B /* RNRadarChartView.swift */,
				E14E22872687AF8C0048CD9B /* RNRadarChartManager.swift */,
			);
			name = radar;
			path = "../../node_modules/react-native-charts-wrapper/ios/ReactNativeCharts/radar";
			sourceTree = "<group>";
		};
		E14E22892687AF8C0048CD9B /* combine */ = {
			isa = PBXGroup;
			children = (
				E14E228A2687AF8C0048CD9B /* RNCombinedChartView.swift */,
				E14E228B2687AF8C0048CD9B /* RNCombinedChartManager.swift */,
				E14E228C2687AF8C0048CD9B /* RNCombinedChartManagerBridge.m */,
				E14E228D2687AF8C0048CD9B /* CombinedDataExtract.swift */,
			);
			name = combine;
			path = "../../node_modules/react-native-charts-wrapper/ios/ReactNativeCharts/combine";
			sourceTree = "<group>";
		};
		E14E228E2687AF8C0048CD9B /* line */ = {
			isa = PBXGroup;
			children = (
				E14E228F2687AF8C0048CD9B /* RNLineChartView.swift */,
				E14E22902687AF8C0048CD9B /* RNLineChartManager.swift */,
				E14E22912687AF8C0048CD9B /* RNLineChartManagerBridge.m */,
				E14E22922687AF8C0048CD9B /* LineDataExtract.swift */,
			);
			name = line;
			path = "../../node_modules/react-native-charts-wrapper/ios/ReactNativeCharts/line";
			sourceTree = "<group>";
		};
		E14E22952687AF8D0048CD9B /* bar */ = {
			isa = PBXGroup;
			children = (
				E14E22962687AF8D0048CD9B /* RNBarChartViewBase.swift */,
				E14E22972687AF8D0048CD9B /* BarDataExtract.swift */,
				E14E22982687AF8D0048CD9B /* RNHorizontalBarChartManager.swift */,
				E14E22992687AF8D0048CD9B /* RNBarChartManager.swift */,
				E14E229A2687AF8D0048CD9B /* RNBarChartManagerBridge.m */,
				E14E229B2687AF8D0048CD9B /* RNBarChartView.swift */,
				E14E229C2687AF8D0048CD9B /* RNHorizontalBarChartView.swift */,
				E14E229D2687AF8D0048CD9B /* RNHorizontalBarChartManagerBridge.m */,
			);
			name = bar;
			path = "../../node_modules/react-native-charts-wrapper/ios/ReactNativeCharts/bar";
			sourceTree = "<group>";
		};
/* End PBXGroup section */

/* Begin PBXNativeTarget section */
		00E356ED1AD99517003FC87E /* eMobilityTests */ = {
			isa = PBXNativeTarget;
			buildConfigurationList = 00E357021AD99517003FC87E /* Build configuration list for PBXNativeTarget "eMobilityTests" */;
			buildPhases = (
				1D70235A897D20333F351596 /* [CP] Check Pods Manifest.lock */,
				00E356EA1AD99517003FC87E /* Sources */,
				00E356EB1AD99517003FC87E /* Frameworks */,
				00E356EC1AD99517003FC87E /* Resources */,
				BDEF1B19CE3ACB9D61D1D382 /* [CP] Embed Pods Frameworks */,
				76ECA413192491431DC62064 /* [CP] Copy Pods Resources */,
			);
			buildRules = (
			);
			dependencies = (
			);
			name = eMobilityTests;
			productName = eMobilityTests;
			productReference = 00E356EE1AD99517003FC87E /* eMobilityTests.xctest */;
			productType = "com.apple.product-type.bundle.unit-test";
		};
		D2336F5723510E6F00A1BCB0 /* eMobility */ = {
			isa = PBXNativeTarget;
			buildConfigurationList = D2336FA323510E6F00A1BCB0 /* Build configuration list for PBXNativeTarget "eMobility" */;
			buildPhases = (
				E6B9EE16D56EF33F81AA8153 /* [CP] Check Pods Manifest.lock */,
				D2336F5923510E6F00A1BCB0 /* Start Packager */,
				D2336F5A23510E6F00A1BCB0 /* Sources */,
				D2336F9123510E6F00A1BCB0 /* Frameworks */,
				D2336F9323510E6F00A1BCB0 /* Resources */,
				D2336FA123510E6F00A1BCB0 /* Bundle React Native code and images */,
				C450CF61560F77565252AB00 /* [CP] Embed Pods Frameworks */,
				675CF5BDB3636AF6515B339E /* [CP] Copy Pods Resources */,
			);
			buildRules = (
			);
			dependencies = (
			);
			name = eMobility;
			productName = eMobility;
			productReference = D2336FA623510E6F00A1BCB0 /* eMobility.app */;
			productType = "com.apple.product-type.application";
		};
/* End PBXNativeTarget section */

/* Begin PBXProject section */
		83CBB9F71A601CBA00E9B192 /* Project object */ = {
			isa = PBXProject;
			attributes = {
				LastUpgradeCheck = 1330;
				ORGANIZATIONNAME = "";
				TargetAttributes = {
					00E356ED1AD99517003FC87E = {
						CreatedOnToolsVersion = 6.2;
						DevelopmentTeam = 2UGX2474J8;
						TestTargetID = 13B07F861A680F5B00A75B9A;
					};
					D2336F5723510E6F00A1BCB0 = {
						DevelopmentTeam = 296EA3CE69;
						ProvisioningStyle = Automatic;
					};
				};
			};
			buildConfigurationList = 83CBB9FA1A601CBA00E9B192 /* Build configuration list for PBXProject "eMobility" */;
			compatibilityVersion = "Xcode 3.2";
			developmentRegion = en;
			hasScannedForEncodings = 0;
			knownRegions = (
				en,
				Base,
			);
			mainGroup = 83CBB9F61A601CBA00E9B192;
			productRefGroup = 83CBBA001A601CBA00E9B192 /* Products */;
			projectDirPath = "";
			projectRoot = "";
			targets = (
				D2336F5723510E6F00A1BCB0 /* eMobility */,
				00E356ED1AD99517003FC87E /* eMobilityTests */,
			);
		};
/* End PBXProject section */

/* Begin PBXResourcesBuildPhase section */
		00E356EC1AD99517003FC87E /* Resources */ = {
			isa = PBXResourcesBuildPhase;
			buildActionMask = 2147483647;
			files = (
			);
			runOnlyForDeploymentPostprocessing = 0;
		};
		D2336F9323510E6F00A1BCB0 /* Resources */ = {
			isa = PBXResourcesBuildPhase;
			buildActionMask = 2147483647;
			files = (
				D2D3C43A2469AFDC00D6DECE /* GoogleService-Info.plist in Resources */,
				D2F07E6824CB15C300BD3DD2 /* LaunchScreen.storyboard in Resources */,
				D2336F9D23510E6F00A1BCB0 /* Images.xcassets in Resources */,
			);
			runOnlyForDeploymentPostprocessing = 0;
		};
/* End PBXResourcesBuildPhase section */

/* Begin PBXShellScriptBuildPhase section */
		1D70235A897D20333F351596 /* [CP] Check Pods Manifest.lock */ = {
			isa = PBXShellScriptBuildPhase;
			buildActionMask = 2147483647;
			files = (
			);
			inputFileListPaths = (
			);
			inputPaths = (
				"${PODS_PODFILE_DIR_PATH}/Podfile.lock",
				"${PODS_ROOT}/Manifest.lock",
			);
			name = "[CP] Check Pods Manifest.lock";
			outputFileListPaths = (
			);
			outputPaths = (
				"$(DERIVED_FILE_DIR)/Pods-eMobility-eMobilityTests-checkManifestLockResult.txt",
			);
			runOnlyForDeploymentPostprocessing = 0;
			shellPath = /bin/sh;
			shellScript = "diff \"${PODS_PODFILE_DIR_PATH}/Podfile.lock\" \"${PODS_ROOT}/Manifest.lock\" > /dev/null\nif [ $? != 0 ] ; then\n    # print error to STDERR\n    echo \"error: The sandbox is not in sync with the Podfile.lock. Run 'pod install' or update your CocoaPods installation.\" >&2\n    exit 1\nfi\n# This output is used by Xcode 'outputs' to avoid re-running this script phase.\necho \"SUCCESS\" > \"${SCRIPT_OUTPUT_FILE_0}\"\n";
			showEnvVarsInLog = 0;
		};
		675CF5BDB3636AF6515B339E /* [CP] Copy Pods Resources */ = {
			isa = PBXShellScriptBuildPhase;
			buildActionMask = 2147483647;
			files = (
			);
			inputPaths = (
				"${PODS_ROOT}/Target Support Files/Pods-eMobility/Pods-eMobility-resources.sh",
				"${PODS_ROOT}/GoogleMaps/Maps/Frameworks/GoogleMaps.framework/Resources/GoogleMaps.bundle",
				"${PODS_ROOT}/../../node_modules/react-native-vector-icons/Fonts/AntDesign.ttf",
				"${PODS_ROOT}/../../node_modules/react-native-vector-icons/Fonts/Entypo.ttf",
				"${PODS_ROOT}/../../node_modules/react-native-vector-icons/Fonts/EvilIcons.ttf",
				"${PODS_ROOT}/../../node_modules/react-native-vector-icons/Fonts/Feather.ttf",
				"${PODS_ROOT}/../../node_modules/react-native-vector-icons/Fonts/FontAwesome.ttf",
				"${PODS_ROOT}/../../node_modules/react-native-vector-icons/Fonts/FontAwesome5_Brands.ttf",
				"${PODS_ROOT}/../../node_modules/react-native-vector-icons/Fonts/FontAwesome5_Regular.ttf",
				"${PODS_ROOT}/../../node_modules/react-native-vector-icons/Fonts/FontAwesome5_Solid.ttf",
				"${PODS_ROOT}/../../node_modules/react-native-vector-icons/Fonts/Fontisto.ttf",
				"${PODS_ROOT}/../../node_modules/react-native-vector-icons/Fonts/Foundation.ttf",
				"${PODS_ROOT}/../../node_modules/react-native-vector-icons/Fonts/Ionicons.ttf",
				"${PODS_ROOT}/../../node_modules/react-native-vector-icons/Fonts/MaterialCommunityIcons.ttf",
				"${PODS_ROOT}/../../node_modules/react-native-vector-icons/Fonts/MaterialIcons.ttf",
				"${PODS_ROOT}/../../node_modules/react-native-vector-icons/Fonts/Octicons.ttf",
				"${PODS_ROOT}/../../node_modules/react-native-vector-icons/Fonts/SimpleLineIcons.ttf",
				"${PODS_ROOT}/../../node_modules/react-native-vector-icons/Fonts/Zocial.ttf",
				"${PODS_CONFIGURATION_BUILD_DIR}/React-Core/AccessibilityResources.bundle",
				"${PODS_CONFIGURATION_BUILD_DIR}/Stripe/Stripe.bundle",
				"${PODS_CONFIGURATION_BUILD_DIR}/Stripe/Stripe3DS2.bundle",
				"${PODS_CONFIGURATION_BUILD_DIR}/StripeCore/StripeCore.bundle",
				"${PODS_CONFIGURATION_BUILD_DIR}/StripeUICore/StripeUICore.bundle",
			);
			name = "[CP] Copy Pods Resources";
			outputPaths = (
				"${TARGET_BUILD_DIR}/${UNLOCALIZED_RESOURCES_FOLDER_PATH}/GoogleMaps.bundle",
				"${TARGET_BUILD_DIR}/${UNLOCALIZED_RESOURCES_FOLDER_PATH}/AntDesign.ttf",
				"${TARGET_BUILD_DIR}/${UNLOCALIZED_RESOURCES_FOLDER_PATH}/Entypo.ttf",
				"${TARGET_BUILD_DIR}/${UNLOCALIZED_RESOURCES_FOLDER_PATH}/EvilIcons.ttf",
				"${TARGET_BUILD_DIR}/${UNLOCALIZED_RESOURCES_FOLDER_PATH}/Feather.ttf",
				"${TARGET_BUILD_DIR}/${UNLOCALIZED_RESOURCES_FOLDER_PATH}/FontAwesome.ttf",
				"${TARGET_BUILD_DIR}/${UNLOCALIZED_RESOURCES_FOLDER_PATH}/FontAwesome5_Brands.ttf",
				"${TARGET_BUILD_DIR}/${UNLOCALIZED_RESOURCES_FOLDER_PATH}/FontAwesome5_Regular.ttf",
				"${TARGET_BUILD_DIR}/${UNLOCALIZED_RESOURCES_FOLDER_PATH}/FontAwesome5_Solid.ttf",
				"${TARGET_BUILD_DIR}/${UNLOCALIZED_RESOURCES_FOLDER_PATH}/Fontisto.ttf",
				"${TARGET_BUILD_DIR}/${UNLOCALIZED_RESOURCES_FOLDER_PATH}/Foundation.ttf",
				"${TARGET_BUILD_DIR}/${UNLOCALIZED_RESOURCES_FOLDER_PATH}/Ionicons.ttf",
				"${TARGET_BUILD_DIR}/${UNLOCALIZED_RESOURCES_FOLDER_PATH}/MaterialCommunityIcons.ttf",
				"${TARGET_BUILD_DIR}/${UNLOCALIZED_RESOURCES_FOLDER_PATH}/MaterialIcons.ttf",
				"${TARGET_BUILD_DIR}/${UNLOCALIZED_RESOURCES_FOLDER_PATH}/Octicons.ttf",
				"${TARGET_BUILD_DIR}/${UNLOCALIZED_RESOURCES_FOLDER_PATH}/SimpleLineIcons.ttf",
				"${TARGET_BUILD_DIR}/${UNLOCALIZED_RESOURCES_FOLDER_PATH}/Zocial.ttf",
				"${TARGET_BUILD_DIR}/${UNLOCALIZED_RESOURCES_FOLDER_PATH}/AccessibilityResources.bundle",
				"${TARGET_BUILD_DIR}/${UNLOCALIZED_RESOURCES_FOLDER_PATH}/Stripe.bundle",
				"${TARGET_BUILD_DIR}/${UNLOCALIZED_RESOURCES_FOLDER_PATH}/Stripe3DS2.bundle",
				"${TARGET_BUILD_DIR}/${UNLOCALIZED_RESOURCES_FOLDER_PATH}/StripeCore.bundle",
				"${TARGET_BUILD_DIR}/${UNLOCALIZED_RESOURCES_FOLDER_PATH}/StripeUICore.bundle",
			);
			runOnlyForDeploymentPostprocessing = 0;
			shellPath = /bin/sh;
			shellScript = "\"${PODS_ROOT}/Target Support Files/Pods-eMobility/Pods-eMobility-resources.sh\"\n";
			showEnvVarsInLog = 0;
		};
		76ECA413192491431DC62064 /* [CP] Copy Pods Resources */ = {
			isa = PBXShellScriptBuildPhase;
			buildActionMask = 2147483647;
			files = (
			);
			inputPaths = (
				"${PODS_ROOT}/Target Support Files/Pods-eMobility-eMobilityTests/Pods-eMobility-eMobilityTests-resources.sh",
				"${PODS_ROOT}/GoogleMaps/Maps/Frameworks/GoogleMaps.framework/Resources/GoogleMaps.bundle",
				"${PODS_ROOT}/../../node_modules/react-native-vector-icons/Fonts/AntDesign.ttf",
				"${PODS_ROOT}/../../node_modules/react-native-vector-icons/Fonts/Entypo.ttf",
				"${PODS_ROOT}/../../node_modules/react-native-vector-icons/Fonts/EvilIcons.ttf",
				"${PODS_ROOT}/../../node_modules/react-native-vector-icons/Fonts/Feather.ttf",
				"${PODS_ROOT}/../../node_modules/react-native-vector-icons/Fonts/FontAwesome.ttf",
				"${PODS_ROOT}/../../node_modules/react-native-vector-icons/Fonts/FontAwesome5_Brands.ttf",
				"${PODS_ROOT}/../../node_modules/react-native-vector-icons/Fonts/FontAwesome5_Regular.ttf",
				"${PODS_ROOT}/../../node_modules/react-native-vector-icons/Fonts/FontAwesome5_Solid.ttf",
				"${PODS_ROOT}/../../node_modules/react-native-vector-icons/Fonts/Fontisto.ttf",
				"${PODS_ROOT}/../../node_modules/react-native-vector-icons/Fonts/Foundation.ttf",
				"${PODS_ROOT}/../../node_modules/react-native-vector-icons/Fonts/Ionicons.ttf",
				"${PODS_ROOT}/../../node_modules/react-native-vector-icons/Fonts/MaterialCommunityIcons.ttf",
				"${PODS_ROOT}/../../node_modules/react-native-vector-icons/Fonts/MaterialIcons.ttf",
				"${PODS_ROOT}/../../node_modules/react-native-vector-icons/Fonts/Octicons.ttf",
				"${PODS_ROOT}/../../node_modules/react-native-vector-icons/Fonts/SimpleLineIcons.ttf",
				"${PODS_ROOT}/../../node_modules/react-native-vector-icons/Fonts/Zocial.ttf",
				"${PODS_CONFIGURATION_BUILD_DIR}/React-Core/AccessibilityResources.bundle",
				"${PODS_CONFIGURATION_BUILD_DIR}/Stripe/Stripe.bundle",
				"${PODS_CONFIGURATION_BUILD_DIR}/Stripe/Stripe3DS2.bundle",
				"${PODS_CONFIGURATION_BUILD_DIR}/StripeCore/StripeCore.bundle",
				"${PODS_CONFIGURATION_BUILD_DIR}/StripeUICore/StripeUICore.bundle",
			);
			name = "[CP] Copy Pods Resources";
			outputPaths = (
				"${TARGET_BUILD_DIR}/${UNLOCALIZED_RESOURCES_FOLDER_PATH}/GoogleMaps.bundle",
				"${TARGET_BUILD_DIR}/${UNLOCALIZED_RESOURCES_FOLDER_PATH}/AntDesign.ttf",
				"${TARGET_BUILD_DIR}/${UNLOCALIZED_RESOURCES_FOLDER_PATH}/Entypo.ttf",
				"${TARGET_BUILD_DIR}/${UNLOCALIZED_RESOURCES_FOLDER_PATH}/EvilIcons.ttf",
				"${TARGET_BUILD_DIR}/${UNLOCALIZED_RESOURCES_FOLDER_PATH}/Feather.ttf",
				"${TARGET_BUILD_DIR}/${UNLOCALIZED_RESOURCES_FOLDER_PATH}/FontAwesome.ttf",
				"${TARGET_BUILD_DIR}/${UNLOCALIZED_RESOURCES_FOLDER_PATH}/FontAwesome5_Brands.ttf",
				"${TARGET_BUILD_DIR}/${UNLOCALIZED_RESOURCES_FOLDER_PATH}/FontAwesome5_Regular.ttf",
				"${TARGET_BUILD_DIR}/${UNLOCALIZED_RESOURCES_FOLDER_PATH}/FontAwesome5_Solid.ttf",
				"${TARGET_BUILD_DIR}/${UNLOCALIZED_RESOURCES_FOLDER_PATH}/Fontisto.ttf",
				"${TARGET_BUILD_DIR}/${UNLOCALIZED_RESOURCES_FOLDER_PATH}/Foundation.ttf",
				"${TARGET_BUILD_DIR}/${UNLOCALIZED_RESOURCES_FOLDER_PATH}/Ionicons.ttf",
				"${TARGET_BUILD_DIR}/${UNLOCALIZED_RESOURCES_FOLDER_PATH}/MaterialCommunityIcons.ttf",
				"${TARGET_BUILD_DIR}/${UNLOCALIZED_RESOURCES_FOLDER_PATH}/MaterialIcons.ttf",
				"${TARGET_BUILD_DIR}/${UNLOCALIZED_RESOURCES_FOLDER_PATH}/Octicons.ttf",
				"${TARGET_BUILD_DIR}/${UNLOCALIZED_RESOURCES_FOLDER_PATH}/SimpleLineIcons.ttf",
				"${TARGET_BUILD_DIR}/${UNLOCALIZED_RESOURCES_FOLDER_PATH}/Zocial.ttf",
				"${TARGET_BUILD_DIR}/${UNLOCALIZED_RESOURCES_FOLDER_PATH}/AccessibilityResources.bundle",
				"${TARGET_BUILD_DIR}/${UNLOCALIZED_RESOURCES_FOLDER_PATH}/Stripe.bundle",
				"${TARGET_BUILD_DIR}/${UNLOCALIZED_RESOURCES_FOLDER_PATH}/Stripe3DS2.bundle",
				"${TARGET_BUILD_DIR}/${UNLOCALIZED_RESOURCES_FOLDER_PATH}/StripeCore.bundle",
				"${TARGET_BUILD_DIR}/${UNLOCALIZED_RESOURCES_FOLDER_PATH}/StripeUICore.bundle",
			);
			runOnlyForDeploymentPostprocessing = 0;
			shellPath = /bin/sh;
			shellScript = "\"${PODS_ROOT}/Target Support Files/Pods-eMobility-eMobilityTests/Pods-eMobility-eMobilityTests-resources.sh\"\n";
			showEnvVarsInLog = 0;
		};
		BDEF1B19CE3ACB9D61D1D382 /* [CP] Embed Pods Frameworks */ = {
			isa = PBXShellScriptBuildPhase;
			buildActionMask = 2147483647;
			files = (
			);
			inputPaths = (
				"${PODS_ROOT}/Target Support Files/Pods-eMobility-eMobilityTests/Pods-eMobility-eMobilityTests-frameworks.sh",
				"${PODS_XCFRAMEWORKS_BUILD_DIR}/OpenSSL-Universal/OpenSSL.framework/OpenSSL",
			);
			name = "[CP] Embed Pods Frameworks";
			outputPaths = (
				"${TARGET_BUILD_DIR}/${FRAMEWORKS_FOLDER_PATH}/OpenSSL.framework",
			);
			runOnlyForDeploymentPostprocessing = 0;
			shellPath = /bin/sh;
			shellScript = "\"${PODS_ROOT}/Target Support Files/Pods-eMobility-eMobilityTests/Pods-eMobility-eMobilityTests-frameworks.sh\"\n";
			showEnvVarsInLog = 0;
		};
		C450CF61560F77565252AB00 /* [CP] Embed Pods Frameworks */ = {
			isa = PBXShellScriptBuildPhase;
			buildActionMask = 2147483647;
			files = (
			);
			inputPaths = (
				"${PODS_ROOT}/Target Support Files/Pods-eMobility/Pods-eMobility-frameworks.sh",
				"${PODS_XCFRAMEWORKS_BUILD_DIR}/OpenSSL-Universal/OpenSSL.framework/OpenSSL",
			);
			name = "[CP] Embed Pods Frameworks";
			outputPaths = (
				"${TARGET_BUILD_DIR}/${FRAMEWORKS_FOLDER_PATH}/OpenSSL.framework",
			);
			runOnlyForDeploymentPostprocessing = 0;
			shellPath = /bin/sh;
			shellScript = "\"${PODS_ROOT}/Target Support Files/Pods-eMobility/Pods-eMobility-frameworks.sh\"\n";
			showEnvVarsInLog = 0;
		};
		D2336F5923510E6F00A1BCB0 /* Start Packager */ = {
			isa = PBXShellScriptBuildPhase;
			buildActionMask = 2147483647;
			files = (
			);
			inputFileListPaths = (
			);
			inputPaths = (
			);
			name = "Start Packager";
			outputFileListPaths = (
			);
			outputPaths = (
			);
			runOnlyForDeploymentPostprocessing = 0;
			shellPath = /bin/sh;
			shellScript = "export RCT_METRO_PORT=\"${RCT_METRO_PORT:=8081}\"\necho \"export RCT_METRO_PORT=${RCT_METRO_PORT}\" > \"${SRCROOT}/../node_modules/react-native/scripts/.packager.env\"\nif [ -z \"${RCT_NO_LAUNCH_PACKAGER+xxx}\" ] ; then\n  if nc -w 5 -z localhost ${RCT_METRO_PORT} ; then\n    if ! curl -s \"http://localhost:${RCT_METRO_PORT}/status\" | grep -q \"packager-status:running\" ; then\n      echo \"Port ${RCT_METRO_PORT} already in use, packager is either not running or not running correctly\"\n      exit 2\n    fi\n  else\n    open \"$SRCROOT/../node_modules/react-native/scripts/launchPackager.command\" || echo \"Can't start packager automatically\"\n  fi\nfi\n";
			showEnvVarsInLog = 0;
		};
		D2336FA123510E6F00A1BCB0 /* Bundle React Native code and images */ = {
			isa = PBXShellScriptBuildPhase;
			buildActionMask = 2147483647;
			files = (
			);
			inputPaths = (
			);
			name = "Bundle React Native code and images";
			outputPaths = (
			);
			runOnlyForDeploymentPostprocessing = 0;
			shellPath = /bin/sh;
			shellScript = "export NODE_BINARY=node\n../node_modules/react-native/scripts/react-native-xcode.sh\n";
		};
		E6B9EE16D56EF33F81AA8153 /* [CP] Check Pods Manifest.lock */ = {
			isa = PBXShellScriptBuildPhase;
			buildActionMask = 2147483647;
			files = (
			);
			inputFileListPaths = (
			);
			inputPaths = (
				"${PODS_PODFILE_DIR_PATH}/Podfile.lock",
				"${PODS_ROOT}/Manifest.lock",
			);
			name = "[CP] Check Pods Manifest.lock";
			outputFileListPaths = (
			);
			outputPaths = (
				"$(DERIVED_FILE_DIR)/Pods-eMobility-checkManifestLockResult.txt",
			);
			runOnlyForDeploymentPostprocessing = 0;
			shellPath = /bin/sh;
			shellScript = "diff \"${PODS_PODFILE_DIR_PATH}/Podfile.lock\" \"${PODS_ROOT}/Manifest.lock\" > /dev/null\nif [ $? != 0 ] ; then\n    # print error to STDERR\n    echo \"error: The sandbox is not in sync with the Podfile.lock. Run 'pod install' or update your CocoaPods installation.\" >&2\n    exit 1\nfi\n# This output is used by Xcode 'outputs' to avoid re-running this script phase.\necho \"SUCCESS\" > \"${SCRIPT_OUTPUT_FILE_0}\"\n";
			showEnvVarsInLog = 0;
		};
/* End PBXShellScriptBuildPhase section */

/* Begin PBXSourcesBuildPhase section */
		00E356EA1AD99517003FC87E /* Sources */ = {
			isa = PBXSourcesBuildPhase;
			buildActionMask = 2147483647;
			files = (
				00E356F31AD99517003FC87E /* eMobilityTests.m in Sources */,
			);
			runOnlyForDeploymentPostprocessing = 0;
		};
		D2336F5A23510E6F00A1BCB0 /* Sources */ = {
			isa = PBXSourcesBuildPhase;
			buildActionMask = 2147483647;
			files = (
				E14E22A32687AF8D0048CD9B /* CustomChartDateFormatter.swift in Sources */,
				E14E22C62687AF8D0048CD9B /* RNLineChartManagerBridge.m in Sources */,
				E14E22AC2687AF8D0048CD9B /* PieDataExtract.swift in Sources */,
				E14E22AA2687AF8D0048CD9B /* RNPieChartView.swift in Sources */,
				E14E22BF2687AF8D0048CD9B /* RNYAxisChartViewBase.swift in Sources */,
				E14E22CE2687AF8D0048CD9B /* RNBarChartManagerBridge.m in Sources */,
				E14E22C22687AF8D0048CD9B /* RNCombinedChartManagerBridge.m in Sources */,
				E14E22C82687AF8D0048CD9B /* ChartGroupHolder.swift in Sources */,
				E14E22CC2687AF8D0048CD9B /* RNHorizontalBarChartManager.swift in Sources */,
				E14E22BA2687AF8D0048CD9B /* RNBubbleChartManagerBridge.m in Sources */,
				E14E22C52687AF8D0048CD9B /* RNLineChartManager.swift in Sources */,
				E14E22CB2687AF8D0048CD9B /* BarDataExtract.swift in Sources */,
				E14E22BD2687AF8D0048CD9B /* RNRadarChartView.swift in Sources */,
				E14E22B42687AF8D0048CD9B /* RNBarLineChartViewBase.swift in Sources */,
				E14E22A12687AF8D0048CD9B /* ScatterDataExtract.swift in Sources */,
				E14E22A92687AF8D0048CD9B /* BridgeUtils.swift in Sources */,
				E14E22A52687AF8D0048CD9B /* FontUtils.swift in Sources */,
				E14E22B92687AF8D0048CD9B /* BubbleDataExtract.swift in Sources */,
				E14E22A42687AF8D0048CD9B /* IndexValueFormatter.swift in Sources */,
				D2336F6323510E6F00A1BCB0 /* AppDelegate.m in Sources */,
				E14E22A82687AF8D0048CD9B /* HighlightUtils.swift in Sources */,
				E14E22A62687AF8D0048CD9B /* EntryToDictionaryUtils.swift in Sources */,
				D2336F7D23510E6F00A1BCB0 /* main.m in Sources */,
				E14E22AE2687AF8D0048CD9B /* CandleDataExtract.swift in Sources */,
				E14E22C32687AF8D0048CD9B /* CombinedDataExtract.swift in Sources */,
				E14E22D12687AF8D0048CD9B /* RNHorizontalBarChartManagerBridge.m in Sources */,
				E14E22C42687AF8D0048CD9B /* RNLineChartView.swift in Sources */,
				E14E22C12687AF8D0048CD9B /* RNCombinedChartManager.swift in Sources */,
				E14E22AD2687AF8D0048CD9B /* RNPieChartManager.swift in Sources */,
				E14E22C02687AF8D0048CD9B /* RNCombinedChartView.swift in Sources */,
				E14E22C72687AF8D0048CD9B /* LineDataExtract.swift in Sources */,
				E14E22BE2687AF8D0048CD9B /* RNRadarChartManager.swift in Sources */,
				E14E22BB2687AF8D0048CD9B /* RadarDataExtract.swift in Sources */,
				E14E22A72687AF8D0048CD9B /* ChartDataSetConfigUtils.swift in Sources */,
				E14E22CD2687AF8D0048CD9B /* RNBarChartManager.swift in Sources */,
				E14E22B82687AF8D0048CD9B /* RNBubbleChartView.swift in Sources */,
				E14E22A02687AF8D0048CD9B /* RNScatterChartManagerBridge.m in Sources */,
				E14E22BC2687AF8D0048CD9B /* RNRadarChartManagerBridge.m in Sources */,
				E14E22B12687AF8D0048CD9B /* RNCandleStickChartManagerBridge.m in Sources */,
				E14E22B32687AF8D0048CD9B /* LargeValueFormatter.swift in Sources */,
				E14E22C92687AF8D0048CD9B /* BalloonMarker.swift in Sources */,
				E14E22AB2687AF8D0048CD9B /* RNPieChartManagerBridge.m in Sources */,
				E14E229F2687AF8D0048CD9B /* RNScatterChartView.swift in Sources */,
				E14E22AF2687AF8D0048CD9B /* RNCandleStickChartView.swift in Sources */,
				E14E22CA2687AF8D0048CD9B /* RNBarChartViewBase.swift in Sources */,
				E14E22B02687AF8D0048CD9B /* RNCandleStickChartManager.swift in Sources */,
				E14E22CF2687AF8D0048CD9B /* RNBarChartView.swift in Sources */,
				E14E22B22687AF8D0048CD9B /* ChartDateFormatter.swift in Sources */,
				E14E22A22687AF8D0048CD9B /* RNChartViewBase.swift in Sources */,
				E14E22B62687AF8D0048CD9B /* RNBarLineChartBaseManager.swift in Sources */,
				E14E229E2687AF8D0048CD9B /* RNScatterChartManager.swift in Sources */,
				E14E22B72687AF8D0048CD9B /* RNBubbleChartManager.swift in Sources */,
				E14E22B52687AF8D0048CD9B /* DataExtract.swift in Sources */,
				E14E22D02687AF8D0048CD9B /* RNHorizontalBarChartView.swift in Sources */,
			);
			runOnlyForDeploymentPostprocessing = 0;
		};
/* End PBXSourcesBuildPhase section */

/* Begin XCBuildConfiguration section */
		00E356F61AD99517003FC87E /* Debug */ = {
			isa = XCBuildConfiguration;
			baseConfigurationReference = 9A62314228A0705275288154 /* Pods-eMobility-eMobilityTests.debug.xcconfig */;
			buildSettings = {
				BUNDLE_LOADER = "$(TEST_HOST)";
				CODE_SIGN_IDENTITY = "iPhone Developer";
				DEVELOPMENT_TEAM = 2UGX2474J8;
				GCC_PREPROCESSOR_DEFINITIONS = (
					"DEBUG=1",
					"$(inherited)",
				);
				INFOPLIST_FILE = eMobilityTests/Info.plist;
				IPHONEOS_DEPLOYMENT_TARGET = 12.0;
				LD_RUNPATH_SEARCH_PATHS = "$(inherited) @executable_path/Frameworks";
				OTHER_LDFLAGS = (
					"-ObjC",
					"-lc++",
					"$(inherited)",
				);
				PRODUCT_BUNDLE_IDENTIFIER = "org.reactjs.native.example.$(BUNDLE_NAME:rfc1034identifier)";
				PRODUCT_NAME = "$(TARGET_NAME)";
				TEST_HOST = "$(BUILT_PRODUCTS_DIR)/eMobility.app/eMobility";
			};
			name = Debug;
		};
		00E356F71AD99517003FC87E /* Release */ = {
			isa = XCBuildConfiguration;
			baseConfigurationReference = BC58EC4EC2D9A3DD876E4AAB /* Pods-eMobility-eMobilityTests.release.xcconfig */;
			buildSettings = {
				BUNDLE_LOADER = "$(TEST_HOST)";
				CODE_SIGN_IDENTITY = "iPhone Developer";
				"CODE_SIGN_IDENTITY[sdk=iphoneos*]" = "iPhone Developer";
				"CODE_SIGN_IDENTITY[sdk=macosx*]" = "iPhone Developer";
				COPY_PHASE_STRIP = NO;
				DEVELOPMENT_TEAM = 2UGX2474J8;
				INFOPLIST_FILE = eMobilityTests/Info.plist;
				IPHONEOS_DEPLOYMENT_TARGET = 12.0;
				LD_RUNPATH_SEARCH_PATHS = "$(inherited) @executable_path/Frameworks";
				OTHER_LDFLAGS = (
					"-ObjC",
					"-lc++",
					"$(inherited)",
				);
				PRODUCT_BUNDLE_IDENTIFIER = "org.reactjs.native.example.$(BUNDLE_NAME:rfc1034identifier)";
				PRODUCT_NAME = "$(TARGET_NAME)";
				TEST_HOST = "$(BUILT_PRODUCTS_DIR)/eMobility.app/eMobility";
			};
			name = Release;
		};
		83CBBA201A601CBA00E9B192 /* Debug */ = {
			isa = XCBuildConfiguration;
			buildSettings = {
				ALWAYS_SEARCH_USER_PATHS = NO;
				CLANG_ANALYZER_LOCALIZABILITY_NONLOCALIZED = YES;
				CLANG_CXX_LANGUAGE_STANDARD = "gnu++0x";
				CLANG_CXX_LIBRARY = "libc++";
				CLANG_ENABLE_MODULES = YES;
				CLANG_ENABLE_OBJC_ARC = YES;
				CLANG_WARN_BLOCK_CAPTURE_AUTORELEASING = YES;
				CLANG_WARN_BOOL_CONVERSION = YES;
				CLANG_WARN_COMMA = YES;
				CLANG_WARN_CONSTANT_CONVERSION = YES;
				CLANG_WARN_DEPRECATED_OBJC_IMPLEMENTATIONS = YES;
				CLANG_WARN_DIRECT_OBJC_ISA_USAGE = YES_ERROR;
				CLANG_WARN_EMPTY_BODY = YES;
				CLANG_WARN_ENUM_CONVERSION = YES;
				CLANG_WARN_INFINITE_RECURSION = YES;
				CLANG_WARN_INT_CONVERSION = YES;
				CLANG_WARN_NON_LITERAL_NULL_CONVERSION = YES;
				CLANG_WARN_OBJC_IMPLICIT_RETAIN_SELF = YES;
				CLANG_WARN_OBJC_LITERAL_CONVERSION = YES;
				CLANG_WARN_OBJC_ROOT_CLASS = YES_ERROR;
				CLANG_WARN_QUOTED_INCLUDE_IN_FRAMEWORK_HEADER = YES;
				CLANG_WARN_RANGE_LOOP_ANALYSIS = YES;
				CLANG_WARN_STRICT_PROTOTYPES = YES;
				CLANG_WARN_SUSPICIOUS_MOVE = YES;
				CLANG_WARN_UNREACHABLE_CODE = YES;
				CLANG_WARN__DUPLICATE_METHOD_MATCH = YES;
				"CODE_SIGN_IDENTITY[sdk=iphoneos*]" = "iPhone Developer";
				COPY_PHASE_STRIP = NO;
				ENABLE_BITCODE = NO;
				ENABLE_STRICT_OBJC_MSGSEND = YES;
				ENABLE_TESTABILITY = YES;
				GCC_C_LANGUAGE_STANDARD = gnu99;
				GCC_DYNAMIC_NO_PIC = NO;
				GCC_NO_COMMON_BLOCKS = YES;
				GCC_OPTIMIZATION_LEVEL = 0;
				GCC_PREPROCESSOR_DEFINITIONS = (
					"DEBUG=1",
					"$(inherited)",
				);
				GCC_SYMBOLS_PRIVATE_EXTERN = NO;
				GCC_WARN_64_TO_32_BIT_CONVERSION = YES;
				GCC_WARN_ABOUT_RETURN_TYPE = YES_ERROR;
				GCC_WARN_UNDECLARED_SELECTOR = YES;
				GCC_WARN_UNINITIALIZED_AUTOS = YES_AGGRESSIVE;
				GCC_WARN_UNUSED_FUNCTION = YES;
				GCC_WARN_UNUSED_VARIABLE = YES;
				IPHONEOS_DEPLOYMENT_TARGET = 12.0;
				LIBRARY_SEARCH_PATHS = "$(inherited)";
				MTL_ENABLE_DEBUG_INFO = YES;
				ONLY_ACTIVE_ARCH = YES;
				SDKROOT = iphoneos;
				SWIFT_VERSION = 5.0;
			};
			name = Debug;
		};
		83CBBA211A601CBA00E9B192 /* Release */ = {
			isa = XCBuildConfiguration;
			buildSettings = {
				ALWAYS_SEARCH_USER_PATHS = NO;
				CLANG_ANALYZER_LOCALIZABILITY_NONLOCALIZED = YES;
				CLANG_CXX_LANGUAGE_STANDARD = "gnu++0x";
				CLANG_CXX_LIBRARY = "libc++";
				CLANG_ENABLE_MODULES = YES;
				CLANG_ENABLE_OBJC_ARC = YES;
				CLANG_WARN_BLOCK_CAPTURE_AUTORELEASING = YES;
				CLANG_WARN_BOOL_CONVERSION = YES;
				CLANG_WARN_COMMA = YES;
				CLANG_WARN_CONSTANT_CONVERSION = YES;
				CLANG_WARN_DEPRECATED_OBJC_IMPLEMENTATIONS = YES;
				CLANG_WARN_DIRECT_OBJC_ISA_USAGE = YES_ERROR;
				CLANG_WARN_EMPTY_BODY = YES;
				CLANG_WARN_ENUM_CONVERSION = YES;
				CLANG_WARN_INFINITE_RECURSION = YES;
				CLANG_WARN_INT_CONVERSION = YES;
				CLANG_WARN_NON_LITERAL_NULL_CONVERSION = YES;
				CLANG_WARN_OBJC_IMPLICIT_RETAIN_SELF = YES;
				CLANG_WARN_OBJC_LITERAL_CONVERSION = YES;
				CLANG_WARN_OBJC_ROOT_CLASS = YES_ERROR;
				CLANG_WARN_QUOTED_INCLUDE_IN_FRAMEWORK_HEADER = YES;
				CLANG_WARN_RANGE_LOOP_ANALYSIS = YES;
				CLANG_WARN_STRICT_PROTOTYPES = YES;
				CLANG_WARN_SUSPICIOUS_MOVE = YES;
				CLANG_WARN_UNREACHABLE_CODE = YES;
				CLANG_WARN__DUPLICATE_METHOD_MATCH = YES;
				"CODE_SIGN_IDENTITY[sdk=iphoneos*]" = "iPhone Developer";
				COPY_PHASE_STRIP = YES;
				ENABLE_BITCODE = NO;
				ENABLE_NS_ASSERTIONS = NO;
				ENABLE_STRICT_OBJC_MSGSEND = YES;
				GCC_C_LANGUAGE_STANDARD = gnu99;
				GCC_NO_COMMON_BLOCKS = YES;
				GCC_WARN_64_TO_32_BIT_CONVERSION = YES;
				GCC_WARN_ABOUT_RETURN_TYPE = YES_ERROR;
				GCC_WARN_UNDECLARED_SELECTOR = YES;
				GCC_WARN_UNINITIALIZED_AUTOS = YES_AGGRESSIVE;
				GCC_WARN_UNUSED_FUNCTION = YES;
				GCC_WARN_UNUSED_VARIABLE = YES;
				IPHONEOS_DEPLOYMENT_TARGET = 12.0;
				LIBRARY_SEARCH_PATHS = "$(inherited)";
				MTL_ENABLE_DEBUG_INFO = NO;
				SDKROOT = iphoneos;
				SWIFT_COMPILATION_MODE = wholemodule;
				SWIFT_VERSION = 5.0;
				VALIDATE_PRODUCT = YES;
			};
			name = Release;
		};
		D2336FA423510E6F00A1BCB0 /* Debug */ = {
			isa = XCBuildConfiguration;
			baseConfigurationReference = 0D45392BA6BF2FA9CA6BB751 /* Pods-eMobility.debug.xcconfig */;
			buildSettings = {
				ASSETCATALOG_COMPILER_APPICON_NAME = AppIcon;
				BUNDLE_NAME = "e-Mobility";
				CLANG_ENABLE_MODULES = YES;
				CODE_SIGN_ENTITLEMENTS = eMobility/eMobility.entitlements;
				CODE_SIGN_IDENTITY = "Apple Development";
				CODE_SIGN_STYLE = Automatic;
				CURRENT_PROJECT_VERSION = 1;
				DEAD_CODE_STRIPPING = YES;
				DEVELOPMENT_TEAM = 296EA3CE69;
				ENABLE_BITCODE = NO;
				INFOPLIST_FILE = eMobility.plist;
				IPHONEOS_DEPLOYMENT_TARGET = 12.0;
				LD_RUNPATH_SEARCH_PATHS = "$(inherited) @loader_path/Frameworks @executable_path/Frameworks";
				LIBRARY_SEARCH_PATHS = (
					"\"$(SDKROOT)/usr/lib/swift\"",
					"\"$(TOOLCHAIN_DIR)/usr/lib/swift/$(PLATFORM_NAME)\"",
					"$(inherited)",
					"\"${PODS_CONFIGURATION_BUILD_DIR}/Charts\"",
					"\"${PODS_CONFIGURATION_BUILD_DIR}/DoubleConversion\"",
					"\"${PODS_CONFIGURATION_BUILD_DIR}/Folly\"",
					"\"${PODS_CONFIGURATION_BUILD_DIR}/GoogleUtilities\"",
					"\"${PODS_CONFIGURATION_BUILD_DIR}/Protobuf\"",
					"\"${PODS_CONFIGURATION_BUILD_DIR}/RNDeviceInfo\"",
					"\"${PODS_CONFIGURATION_BUILD_DIR}/RNGestureHandler\"",
					"\"${PODS_CONFIGURATION_BUILD_DIR}/RNI18n\"",
					"\"${PODS_CONFIGURATION_BUILD_DIR}/RNSVG\"",
					"\"${PODS_CONFIGURATION_BUILD_DIR}/RNSecureStorage\"",
					"\"${PODS_CONFIGURATION_BUILD_DIR}/RNVectorIcons\"",
					"\"${PODS_CONFIGURATION_BUILD_DIR}/React-Core\"",
					"\"${PODS_CONFIGURATION_BUILD_DIR}/React-DevSupport\"",
					"\"${PODS_CONFIGURATION_BUILD_DIR}/React-RCTActionSheet\"",
					"\"${PODS_CONFIGURATION_BUILD_DIR}/React-RCTAnimation\"",
					"\"${PODS_CONFIGURATION_BUILD_DIR}/React-RCTBlob\"",
					"\"${PODS_CONFIGURATION_BUILD_DIR}/React-RCTImage\"",
					"\"${PODS_CONFIGURATION_BUILD_DIR}/React-RCTLinking\"",
					"\"${PODS_CONFIGURATION_BUILD_DIR}/React-RCTNetwork\"",
					"\"${PODS_CONFIGURATION_BUILD_DIR}/React-RCTSettings\"",
					"\"${PODS_CONFIGURATION_BUILD_DIR}/React-RCTText\"",
					"\"${PODS_CONFIGURATION_BUILD_DIR}/React-RCTVibration\"",
					"\"${PODS_CONFIGURATION_BUILD_DIR}/React-RCTWebSocket\"",
					"\"${PODS_CONFIGURATION_BUILD_DIR}/React-cxxreact\"",
					"\"${PODS_CONFIGURATION_BUILD_DIR}/React-fishhook\"",
					"\"${PODS_CONFIGURATION_BUILD_DIR}/React-jsi\"",
					"\"${PODS_CONFIGURATION_BUILD_DIR}/React-jsiexecutor\"",
					"\"${PODS_CONFIGURATION_BUILD_DIR}/React-jsinspector\"",
					"\"${PODS_CONFIGURATION_BUILD_DIR}/SwiftyJSON\"",
					"\"${PODS_CONFIGURATION_BUILD_DIR}/glog\"",
					"\"${PODS_CONFIGURATION_BUILD_DIR}/nanopb\"",
					"\"${PODS_CONFIGURATION_BUILD_DIR}/react-native-orientation-locker\"",
					"\"${PODS_CONFIGURATION_BUILD_DIR}/react-native-sensitive-info\"",
					"\"${PODS_CONFIGURATION_BUILD_DIR}/react-native-splash-screen\"",
					"\"${PODS_CONFIGURATION_BUILD_DIR}/yoga\"",
				);
				MARKETING_VERSION = 2.6.10;
				OTHER_LDFLAGS = (
					"$(inherited)",
					"-ObjC",
					"-lc++",
				);
				PRODUCT_BUNDLE_IDENTIFIER = com.chargeangels;
				PRODUCT_NAME = "$(TARGET_NAME)";
				PROVISIONING_PROFILE_SPECIFIER = "";
				SWIFT_OBJC_BRIDGING_HEADER = "RNCharts/eMobility-Bridging-Header.h";
				SWIFT_OPTIMIZATION_LEVEL = "-Onone";
				SWIFT_VERSION = 5.0;
				TARGETED_DEVICE_FAMILY = "1,2";
				VERSIONING_SYSTEM = "apple-generic";
			};
			name = Debug;
		};
		D2336FA523510E6F00A1BCB0 /* Release */ = {
			isa = XCBuildConfiguration;
			baseConfigurationReference = 5514AAA5AA9D3DF564A41D2B /* Pods-eMobility.release.xcconfig */;
			buildSettings = {
				ASSETCATALOG_COMPILER_APPICON_NAME = AppIcon;
				BUNDLE_NAME = "e-Mobility";
				CLANG_ENABLE_MODULES = YES;
				CODE_SIGN_ENTITLEMENTS = eMobility/eMobility.entitlements;
				CODE_SIGN_IDENTITY = "Apple Development";
				CODE_SIGN_STYLE = Automatic;
				CURRENT_PROJECT_VERSION = 2;
				DEVELOPMENT_TEAM = 296EA3CE69;
				ENABLE_BITCODE = NO;
				INFOPLIST_FILE = eMobility.plist;
				IPHONEOS_DEPLOYMENT_TARGET = 12.0;
				LD_RUNPATH_SEARCH_PATHS = "$(inherited) @loader_path/Frameworks @executable_path/Frameworks";
				LIBRARY_SEARCH_PATHS = (
					"\"$(SDKROOT)/usr/lib/swift\"",
					"\"$(TOOLCHAIN_DIR)/usr/lib/swift/$(PLATFORM_NAME)\"",
					"$(inherited)",
					"\"${PODS_CONFIGURATION_BUILD_DIR}/Charts\"",
					"\"${PODS_CONFIGURATION_BUILD_DIR}/DoubleConversion\"",
					"\"${PODS_CONFIGURATION_BUILD_DIR}/Folly\"",
					"\"${PODS_CONFIGURATION_BUILD_DIR}/GoogleUtilities\"",
					"\"${PODS_CONFIGURATION_BUILD_DIR}/Protobuf\"",
					"\"${PODS_CONFIGURATION_BUILD_DIR}/RNDeviceInfo\"",
					"\"${PODS_CONFIGURATION_BUILD_DIR}/RNGestureHandler\"",
					"\"${PODS_CONFIGURATION_BUILD_DIR}/RNI18n\"",
					"\"${PODS_CONFIGURATION_BUILD_DIR}/RNSVG\"",
					"\"${PODS_CONFIGURATION_BUILD_DIR}/RNSecureStorage\"",
					"\"${PODS_CONFIGURATION_BUILD_DIR}/RNVectorIcons\"",
					"\"${PODS_CONFIGURATION_BUILD_DIR}/React-Core\"",
					"\"${PODS_CONFIGURATION_BUILD_DIR}/React-DevSupport\"",
					"\"${PODS_CONFIGURATION_BUILD_DIR}/React-RCTActionSheet\"",
					"\"${PODS_CONFIGURATION_BUILD_DIR}/React-RCTAnimation\"",
					"\"${PODS_CONFIGURATION_BUILD_DIR}/React-RCTBlob\"",
					"\"${PODS_CONFIGURATION_BUILD_DIR}/React-RCTImage\"",
					"\"${PODS_CONFIGURATION_BUILD_DIR}/React-RCTLinking\"",
					"\"${PODS_CONFIGURATION_BUILD_DIR}/React-RCTNetwork\"",
					"\"${PODS_CONFIGURATION_BUILD_DIR}/React-RCTSettings\"",
					"\"${PODS_CONFIGURATION_BUILD_DIR}/React-RCTText\"",
					"\"${PODS_CONFIGURATION_BUILD_DIR}/React-RCTVibration\"",
					"\"${PODS_CONFIGURATION_BUILD_DIR}/React-RCTWebSocket\"",
					"\"${PODS_CONFIGURATION_BUILD_DIR}/React-cxxreact\"",
					"\"${PODS_CONFIGURATION_BUILD_DIR}/React-fishhook\"",
					"\"${PODS_CONFIGURATION_BUILD_DIR}/React-jsi\"",
					"\"${PODS_CONFIGURATION_BUILD_DIR}/React-jsiexecutor\"",
					"\"${PODS_CONFIGURATION_BUILD_DIR}/React-jsinspector\"",
					"\"${PODS_CONFIGURATION_BUILD_DIR}/SwiftyJSON\"",
					"\"${PODS_CONFIGURATION_BUILD_DIR}/glog\"",
					"\"${PODS_CONFIGURATION_BUILD_DIR}/nanopb\"",
					"\"${PODS_CONFIGURATION_BUILD_DIR}/react-native-orientation-locker\"",
					"\"${PODS_CONFIGURATION_BUILD_DIR}/react-native-sensitive-info\"",
					"\"${PODS_CONFIGURATION_BUILD_DIR}/react-native-splash-screen\"",
					"\"${PODS_CONFIGURATION_BUILD_DIR}/yoga\"",
				);
				MARKETING_VERSION = 2.6.10;
				OTHER_LDFLAGS = (
					"$(inherited)",
					"-ObjC",
					"-lc++",
				);
				PRODUCT_BUNDLE_IDENTIFIER = com.chargeangels;
				PRODUCT_NAME = "$(TARGET_NAME)";
				PROVISIONING_PROFILE_SPECIFIER = "";
				SWIFT_OBJC_BRIDGING_HEADER = "RNCharts/eMobility-Bridging-Header.h";
				SWIFT_VERSION = 5.0;
				TARGETED_DEVICE_FAMILY = "1,2";
				VERSIONING_SYSTEM = "apple-generic";
			};
			name = Release;
		};
/* End XCBuildConfiguration section */

/* Begin XCConfigurationList section */
		00E357021AD99517003FC87E /* Build configuration list for PBXNativeTarget "eMobilityTests" */ = {
			isa = XCConfigurationList;
			buildConfigurations = (
				00E356F61AD99517003FC87E /* Debug */,
				00E356F71AD99517003FC87E /* Release */,
			);
			defaultConfigurationIsVisible = 0;
			defaultConfigurationName = Release;
		};
		83CBB9FA1A601CBA00E9B192 /* Build configuration list for PBXProject "eMobility" */ = {
			isa = XCConfigurationList;
			buildConfigurations = (
				83CBBA201A601CBA00E9B192 /* Debug */,
				83CBBA211A601CBA00E9B192 /* Release */,
			);
			defaultConfigurationIsVisible = 0;
			defaultConfigurationName = Release;
		};
		D2336FA323510E6F00A1BCB0 /* Build configuration list for PBXNativeTarget "eMobility" */ = {
			isa = XCConfigurationList;
			buildConfigurations = (
				D2336FA423510E6F00A1BCB0 /* Debug */,
				D2336FA523510E6F00A1BCB0 /* Release */,
			);
			defaultConfigurationIsVisible = 0;
			defaultConfigurationName = Release;
		};
/* End XCConfigurationList section */
	};
	rootObject = 83CBB9F71A601CBA00E9B192 /* Project object */;
}
